
Microsoft Visual Studio Solution File, Format Version 12.00
# Visual Studio 14
VisualStudioVersion = 14.0.24720.0
MinimumVisualStudioVersion = 10.0.40219.1
Project("{2150E333-8FDC-42A3-9474-1A3956D46DE8}") = "src", "src", "{F594E7FD-1E72-4E51-A496-B019C2BA3180}"
EndProject
Project("{2150E333-8FDC-42A3-9474-1A3956D46DE8}") = "test", "test", "{422E561A-8118-4BE7-A54F-9309E4F03AAE}"
EndProject
Project("{2150E333-8FDC-42A3-9474-1A3956D46DE8}") = "scripts", "scripts", "{E2316F5C-A551-4A8D-8103-E42CA6D757E2}"
	ProjectSection(SolutionItems) = preProject
		scripts\AddCopyrightHeaders.ps1 = scripts\AddCopyrightHeaders.ps1
	EndProjectSection
EndProject
Project("{8BB2217D-0F2D-49D1-97BC-3654ED321F3B}") = "Microsoft.PowerShell.EditorServices", "src\Microsoft.PowerShell.EditorServices\Microsoft.PowerShell.EditorServices.xproj", "{7E5290A2-E2B5-4FB2-B3BA-F5C148B28F5B}"
EndProject
Global
	GlobalSection(SolutionConfigurationPlatforms) = preSolution
		Debug|Any CPU = Debug|Any CPU
		Release|Any CPU = Release|Any CPU
	EndGlobalSection
	GlobalSection(ProjectConfigurationPlatforms) = postSolution
		{7E5290A2-E2B5-4FB2-B3BA-F5C148B28F5B}.Debug|Any CPU.ActiveCfg = Debug|Any CPU
		{7E5290A2-E2B5-4FB2-B3BA-F5C148B28F5B}.Debug|Any CPU.Build.0 = Debug|Any CPU
		{7E5290A2-E2B5-4FB2-B3BA-F5C148B28F5B}.Release|Any CPU.ActiveCfg = Release|Any CPU
		{7E5290A2-E2B5-4FB2-B3BA-F5C148B28F5B}.Release|Any CPU.Build.0 = Release|Any CPU
	EndGlobalSection
	GlobalSection(SolutionProperties) = preSolution
		HideSolutionNode = FALSE
	EndGlobalSection
	GlobalSection(NestedProjects) = preSolution
		{7E5290A2-E2B5-4FB2-B3BA-F5C148B28F5B} = {F594E7FD-1E72-4E51-A496-B019C2BA3180}
	EndGlobalSection
EndGlobal
